
Microsoft Visual Studio Solution File, Format Version 12.00
# Visual Studio Version 17
VisualStudioVersion = 17.14.36811.4 d17.14
MinimumVisualStudioVersion = 10.0.40219.1
Project("{FAE04EC0-301F-11D3-BF4B-00C04F79EFBC}") = "TestProjectAPI", "TestProjectAPI\TestProjectAPI.csproj", "{58D4D2F7-9A2C-472D-A963-B6E4E1161C47}"
EndProject
Global
	GlobalSection(SolutionConfigurationPlatforms) = preSolution
		Debug|Any CPU = Debug|Any CPU
		Release|Any CPU = Release|Any CPU
	EndGlobalSection
	GlobalSection(ProjectConfigurationPlatforms) = postSolution
		{58D4D2F7-9A2C-472D-A963-B6E4E1161C47}.Debug|Any CPU.ActiveCfg = Debug|Any CPU
		{58D4D2F7-9A2C-472D-A963-B6E4E1161C47}.Debug|Any CPU.Build.0 = Debug|Any CPU
		{58D4D2F7-9A2C-472D-A963-B6E4E1161C47}.Release|Any CPU.ActiveCfg = Release|Any CPU
		{58D4D2F7-9A2C-472D-A963-B6E4E1161C47}.Release|Any CPU.Build.0 = Release|Any CPU
	EndGlobalSection
	GlobalSection(SolutionProperties) = preSolution
		HideSolutionNode = FALSE
	EndGlobalSection
	GlobalSection(ExtensibilityGlobals) = postSolution
		SolutionGuid = {7E74B187-D839-4DBE-BEEC-A5810F4D7F59}
	EndGlobalSection
EndGlobal
